
Microsoft Visual Studio Solution File, Format Version 12.00
# Visual Studio Version 16
VisualStudioVersion = 16.0.29306.81
MinimumVisualStudioVersion = 10.0.40219.1
Project("{FAE04EC0-301F-11D3-BF4B-00C04F79EFBC}") = "Matrix", "Матрица\Matrix.csproj", "{C42B5BF6-FFAB-4E25-9EE9-F44A3733B111}"
EndProject
Global
	GlobalSection(SolutionConfigurationPlatforms) = preSolution
		Debug|Any CPU = Debug|Any CPU
		Release|Any CPU = Release|Any CPU
	EndGlobalSection
	GlobalSection(ProjectConfigurationPlatforms) = postSolution
		{C42B5BF6-FFAB-4E25-9EE9-F44A3733B111}.Debug|Any CPU.ActiveCfg = Debug|Any CPU
		{C42B5BF6-FFAB-4E25-9EE9-F44A3733B111}.Debug|Any CPU.Build.0 = Debug|Any CPU
		{C42B5BF6-FFAB-4E25-9EE9-F44A3733B111}.Release|Any CPU.ActiveCfg = Release|Any CPU
		{C42B5BF6-FFAB-4E25-9EE9-F44A3733B111}.Release|Any CPU.Build.0 = Release|Any CPU
	EndGlobalSection
	GlobalSection(SolutionProperties) = preSolution
		HideSolutionNode = FALSE
	EndGlobalSection
	GlobalSection(ExtensibilityGlobals) = postSolution
		SolutionGuid = {AC57109C-16A5-471A-A348-55EA810DE2E5}
	EndGlobalSection
EndGlobal
